
Microsoft Visual Studio Solution File, Format Version 11.00
# Visual Studio 2010
Project("{FAE04EC0-301F-11D3-BF4B-00C04F79EFBC}") = "Assembly-CSharp", "Assembly-CSharp.csproj", "{4ef54ebc-2e8f-08d2-2931-fdd8c541bd4e}"
EndProject
Project("{FAE04EC0-301F-11D3-BF4B-00C04F79EFBC}") = "AIBehavior", "AIBehavior.csproj", "{0171605b-5aff-c59c-81c1-0b8af82ca090}"
EndProject
Project("{FAE04EC0-301F-11D3-BF4B-00C04F79EFBC}") = "Assembly-CSharp-firstpass", "Assembly-CSharp-firstpass.csproj", "{210c49b3-4c20-4345-46a5-714fe9460d3f}"
EndProject
Project("{FAE04EC0-301F-11D3-BF4B-00C04F79EFBC}") = "Assembly-CSharp-Editor", "Assembly-CSharp-Editor.csproj", "{ba643da6-ad6a-9137-a764-c7d5537f27d6}"
EndProject
Project("{FAE04EC0-301F-11D3-BF4B-00C04F79EFBC}") = "AIBehaviorNav_Editor", "AIBehaviorNav_Editor.csproj", "{e7352179-a361-62fc-9f60-e21463493281}"
EndProject
Project("{FAE04EC0-301F-11D3-BF4B-00C04F79EFBC}") = "Assembly-CSharp-Editor-firstpass", "Assembly-CSharp-Editor-firstpass.csproj", "{44c0d607-28e6-030c-f91f-447005e885be}"
EndProject
Global
	GlobalSection(SolutionConfigurationPlatforms) = preSolution
		Debug|Any CPU = Debug|Any CPU
	EndGlobalSection
	GlobalSection(ProjectConfigurationPlatforms) = postSolution
		{4ef54ebc-2e8f-08d2-2931-fdd8c541bd4e}.Debug|Any CPU.ActiveCfg = Debug|Any CPU
		{4ef54ebc-2e8f-08d2-2931-fdd8c541bd4e}.Debug|Any CPU.Build.0 = Debug|Any CPU
		{0171605b-5aff-c59c-81c1-0b8af82ca090}.Debug|Any CPU.ActiveCfg = Debug|Any CPU
		{0171605b-5aff-c59c-81c1-0b8af82ca090}.Debug|Any CPU.Build.0 = Debug|Any CPU
		{210c49b3-4c20-4345-46a5-714fe9460d3f}.Debug|Any CPU.ActiveCfg = Debug|Any CPU
		{210c49b3-4c20-4345-46a5-714fe9460d3f}.Debug|Any CPU.Build.0 = Debug|Any CPU
		{ba643da6-ad6a-9137-a764-c7d5537f27d6}.Debug|Any CPU.ActiveCfg = Debug|Any CPU
		{ba643da6-ad6a-9137-a764-c7d5537f27d6}.Debug|Any CPU.Build.0 = Debug|Any CPU
		{e7352179-a361-62fc-9f60-e21463493281}.Debug|Any CPU.ActiveCfg = Debug|Any CPU
		{e7352179-a361-62fc-9f60-e21463493281}.Debug|Any CPU.Build.0 = Debug|Any CPU
		{44c0d607-28e6-030c-f91f-447005e885be}.Debug|Any CPU.ActiveCfg = Debug|Any CPU
		{44c0d607-28e6-030c-f91f-447005e885be}.Debug|Any CPU.Build.0 = Debug|Any CPU
	EndGlobalSection
	GlobalSection(SolutionProperties) = preSolution
		HideSolutionNode = FALSE
	EndGlobalSection
EndGlobal
